{
  "lockfileVersion": 4,
  "dependencies": {
    "datatables.net": {
      "version": "2.0.8",
      "resolved": "https://registry.npmjs.org/datatables.net/-/datatables.net-2.0.8.tgz",
      "integrity": "sha512-4/2dYx4vl975zQqZbyoVEm0huPe61qffjBRby7K7V+y9E+ORq4R8KavkgrNMmIgO6cl85Pg4AvCbVjvPCIT1Yg=="
    },
    "jquery": {
      "version": "3.7.1",
      "resolved": "https://registry.npmjs.org/jquery/-/jquery-3.7.1.tgz",
      "integrity": "sha512-m4avr8yL8kmFN8psrbFFFmB/If14iN5o9nw/NgnnM+kybDJpRsAynV2BsfpTYrTRysYUdADVD7CkUUizgkpLfg=="
    }
  }
}
